
Microsoft Visual Studio Solution File, Format Version 12.00
# Visual Studio Version 16
VisualStudioVersion = 16.0.29728.190
MinimumVisualStudioVersion = 10.0.40219.1
Project("{FAE04EC0-301F-11D3-BF4B-00C04F79EFBC}") = "HomeShow", "HomeShow.csproj", "{B59DFCE2-7DE8-4FF8-B78E-069F68EED4B5}"
EndProject
Global
	GlobalSection(SolutionConfigurationPlatforms) = preSolution
		Debug|Any CPU = Debug|Any CPU
		Release|Any CPU = Release|Any CPU
	EndGlobalSection
	GlobalSection(ProjectConfigurationPlatforms) = postSolution
		{B59DFCE2-7DE8-4FF8-B78E-069F68EED4B5}.Debug|Any CPU.ActiveCfg = Debug|Any CPU
		{B59DFCE2-7DE8-4FF8-B78E-069F68EED4B5}.Debug|Any CPU.Build.0 = Debug|Any CPU
		{B59DFCE2-7DE8-4FF8-B78E-069F68EED4B5}.Release|Any CPU.ActiveCfg = Release|Any CPU
		{B59DFCE2-7DE8-4FF8-B78E-069F68EED4B5}.Release|Any CPU.Build.0 = Release|Any CPU
	EndGlobalSection
	GlobalSection(SolutionProperties) = preSolution
		HideSolutionNode = FALSE
	EndGlobalSection
	GlobalSection(ExtensibilityGlobals) = postSolution
		SolutionGuid = {086ECD0D-4E43-46D9-A99B-E78ABEFE6452}
	EndGlobalSection
EndGlobal
